
Microsoft Visual Studio Solution File, Format Version 12.00
# Visual Studio Version 17
VisualStudioVersion = 17.4.33205.214
MinimumVisualStudioVersion = 10.0.40219.1
Project("{9A19103F-16F7-4668-BE54-9A1E7A4F7556}") = "TestEvent", "TestEvent\TestEvent.csproj", "{69709222-14DB-4051-A4A8-B0C51868E758}"
EndProject
Project("{9A19103F-16F7-4668-BE54-9A1E7A4F7556}") = "Notify", "Notify\Notify.csproj", "{5914DD77-62D3-4C97-BDE4-56F7F60C5CD9}"
EndProject
Project("{9A19103F-16F7-4668-BE54-9A1E7A4F7556}") = "EventConsole", "EventConsole\EventConsole.csproj", "{84E33073-2B7E-4F11-89EE-A4886A1B4E7D}"
EndProject
Project("{9A19103F-16F7-4668-BE54-9A1E7A4F7556}") = "StockOnliner", "StockOnliner\StockOnliner.csproj", "{DDB9816E-08FB-4AB7-B65E-A9CC4AD35A18}"
EndProject
Project("{FAE04EC0-301F-11D3-BF4B-00C04F79EFBC}") = "Delegate", "Delegate\Delegate.csproj", "{1740407E-0686-4E0B-9B7D-BDD6CFC027C6}"
EndProject
Global
	GlobalSection(SolutionConfigurationPlatforms) = preSolution
		Debug|Any CPU = Debug|Any CPU
		Release|Any CPU = Release|Any CPU
	EndGlobalSection
	GlobalSection(ProjectConfigurationPlatforms) = postSolution
		{69709222-14DB-4051-A4A8-B0C51868E758}.Debug|Any CPU.ActiveCfg = Debug|Any CPU
		{69709222-14DB-4051-A4A8-B0C51868E758}.Debug|Any CPU.Build.0 = Debug|Any CPU
		{69709222-14DB-4051-A4A8-B0C51868E758}.Release|Any CPU.ActiveCfg = Release|Any CPU
		{69709222-14DB-4051-A4A8-B0C51868E758}.Release|Any CPU.Build.0 = Release|Any CPU
		{5914DD77-62D3-4C97-BDE4-56F7F60C5CD9}.Debug|Any CPU.ActiveCfg = Debug|Any CPU
		{5914DD77-62D3-4C97-BDE4-56F7F60C5CD9}.Debug|Any CPU.Build.0 = Debug|Any CPU
		{5914DD77-62D3-4C97-BDE4-56F7F60C5CD9}.Release|Any CPU.ActiveCfg = Release|Any CPU
		{5914DD77-62D3-4C97-BDE4-56F7F60C5CD9}.Release|Any CPU.Build.0 = Release|Any CPU
		{84E33073-2B7E-4F11-89EE-A4886A1B4E7D}.Debug|Any CPU.ActiveCfg = Debug|Any CPU
		{84E33073-2B7E-4F11-89EE-A4886A1B4E7D}.Debug|Any CPU.Build.0 = Debug|Any CPU
		{84E33073-2B7E-4F11-89EE-A4886A1B4E7D}.Release|Any CPU.ActiveCfg = Release|Any CPU
		{84E33073-2B7E-4F11-89EE-A4886A1B4E7D}.Release|Any CPU.Build.0 = Release|Any CPU
		{DDB9816E-08FB-4AB7-B65E-A9CC4AD35A18}.Debug|Any CPU.ActiveCfg = Debug|Any CPU
		{DDB9816E-08FB-4AB7-B65E-A9CC4AD35A18}.Debug|Any CPU.Build.0 = Debug|Any CPU
		{DDB9816E-08FB-4AB7-B65E-A9CC4AD35A18}.Release|Any CPU.ActiveCfg = Release|Any CPU
		{DDB9816E-08FB-4AB7-B65E-A9CC4AD35A18}.Release|Any CPU.Build.0 = Release|Any CPU
		{1740407E-0686-4E0B-9B7D-BDD6CFC027C6}.Debug|Any CPU.ActiveCfg = Debug|Any CPU
		{1740407E-0686-4E0B-9B7D-BDD6CFC027C6}.Debug|Any CPU.Build.0 = Debug|Any CPU
		{1740407E-0686-4E0B-9B7D-BDD6CFC027C6}.Release|Any CPU.ActiveCfg = Release|Any CPU
		{1740407E-0686-4E0B-9B7D-BDD6CFC027C6}.Release|Any CPU.Build.0 = Release|Any CPU
	EndGlobalSection
	GlobalSection(SolutionProperties) = preSolution
		HideSolutionNode = FALSE
	EndGlobalSection
	GlobalSection(ExtensibilityGlobals) = postSolution
		SolutionGuid = {CA3DFB7E-A9B8-4925-B435-43D3B65F1AFC}
	EndGlobalSection
EndGlobal
